// !$*UTF8*$!
{
	archiveVersion = 1;
	classes = {
	};
	objectVersion = 46;
	objects = {

/* Begin PBXBuildFile section */
		FE63EC961A8F2BC400617890 /* main.m in Sources */ = {isa = PBXBuildFile; fileRef = FE63EC951A8F2BC400617890 /* main.m */; };
		FE63EC991A8F2BC400617890 /* AppDelegate.m in Sources */ = {isa = PBXBuildFile; fileRef = FE63EC981A8F2BC400617890 /* AppDelegate.m */; };
		FE63EC9C1A8F2BC400617890 /* ViewController.m in Sources */ = {isa = PBXBuildFile; fileRef = FE63EC9B1A8F2BC400617890 /* ViewController.m */; };
		FE63EC9F1A8F2BC400617890 /* Main.storyboard in Resources */ = {isa = PBXBuildFile; fileRef = FE63EC9D1A8F2BC400617890 /* Main.storyboard */; };
		FE63ECA11A8F2BC400617890 /* Images.xcassets in Resources */ = {isa = PBXBuildFile; fileRef = FE63ECA01A8F2BC400617890 /* Images.xcassets */; };
		FE63ECA41A8F2BC400617890 /* LaunchScreen.xib in Resources */ = {isa = PBXBuildFile; fileRef = FE63ECA21A8F2BC400617890 /* LaunchScreen.xib */; };
		FE63ECB01A8F2BC400617890 /* testGItHubTests.m in Sources */ = {isa = PBXBuildFile; fileRef = FE63ECAF1A8F2BC400617890 /* testGItHubTests.m */; };
/* End PBXBuildFile section */

/* Begin PBXContainerItemProxy section */
		FE63ECAA1A8F2BC400617890 /* PBXContainerItemProxy */ = {
			isa = PBXContainerItemProxy;
			containerPortal = FE63EC881A8F2BC400617890 /* Project object */;
			proxyType = 1;
			remoteGlobalIDString = FE63EC8F1A8F2BC400617890;
			remoteInfo = testGItHub;
		};
/* End PBXContainerItemProxy section */

/* Begin PBXFileReference section */
		FE63EC901A8F2BC400617890 /* testGItHub.app */ = {isa = PBXFileReference; explicitFileType = wrapper.application; includeInIndex = 0; path = testGItHub.app; sourceTree = BUILT_PRODUCTS_DIR; };
		FE63EC941A8F2BC400617890 /* Info.plist */ = {isa = PBXFileReference; lastKnownFileType = text.plist.xml; path = Info.plist; sourceTree = "<group>"; };
		FE63EC951A8F2BC400617890 /* main.m */ = {isa = PBXFileReference; lastKnownFileType = sourcecode.c.objc; path = main.m; sourceTree = "<group>"; };
		FE63EC971A8F2BC400617890 /* AppDelegate.h */ = {isa = PBXFileReference; lastKnownFileType = sourcecode.c.h; path = AppDelegate.h; sourceTree = "<group>"; };
		FE63EC981A8F2BC400617890 /* AppDelegate.m */ = {isa = PBXFileReference; lastKnownFileType = sourcecode.c.objc; path = AppDelegate.m; sourceTree = "<group>"; };
		FE63EC9A1A8F2BC400617890 /* ViewController.h */ = {isa = PBXFileReference; lastKnownFileType = sourcecode.c.h; path = ViewController.h; sourceTree = "<group>"; };
		FE63EC9B1A8F2BC400617890 /* ViewController.m */ = {isa = PBXFileReference; lastKnownFileType = sourcecode.c.objc; path = ViewController.m; sourceTree = "<group>"; };
		FE63EC9E1A8F2BC400617890 /* Base */ = {isa = PBXFileReference; lastKnownFileType = file.storyboard; name = Base; path = Base.lproj/Main.storyboard; sourceTree = "<group>"; };
		FE63ECA01A8F2BC400617890 /* Images.xcassets */ = {isa = PBXFileReference; lastKnownFileType = folder.assetcatalog; path = Images.xcassets; sourceTree = "<group>"; };
		FE63ECA31A8F2BC400617890 /* Base */ = {isa = PBXFileReference; lastKnownFileType = file.xib; name = Base; path = Base.lproj/LaunchScreen.xib; sourceTree = "<group>"; };
		FE63ECA91A8F2BC400617890 /* testGItHubTests.xctest */ = {isa = PBXFileReference; explicitFileType = wrapper.cfbundle; includeInIndex = 0; path = testGItHubTests.xctest; sourceTree = BUILT_PRODUCTS_DIR; };
		FE63ECAE1A8F2BC400617890 /* Info.plist */ = {isa = PBXFileReference; lastKnownFileType = text.plist.xml; path = Info.plist; sourceTree = "<group>"; };
		FE63ECAF1A8F2BC400617890 /* testGItHubTests.m */ = {isa = PBXFileReference; lastKnownFileType = sourcecode.c.objc; path = testGItHubTests.m; sourceTree = "<group>"; };
/* End PBXFileReference section */

/* Begin PBXFrameworksBuildPhase section */
		FE63EC8D1A8F2BC400617890 /* Frameworks */ = {
			isa = PBXFrameworksBuildPhase;
			buildActionMask = 2147483647;
			files = (
			);
			runOnlyForDeploymentPostprocessing = 0;
		};
		FE63ECA61A8F2BC400617890 /* Frameworks */ = {
			isa = PBXFrameworksBuildPhase;
			buildActionMask = 2147483647;
			files = (
			);
			runOnlyForDeploymentPostprocessing = 0;
		};
/* End PBXFrameworksBuildPhase section */

/* Begin PBXGroup section */
		FE63EC871A8F2BC400617890 = {
			isa = PBXGroup;
			children = (
				FE63EC921A8F2BC400617890 /* testGItHub */,
				FE63ECAC1A8F2BC400617890 /* testGItHubTests */,
				FE63EC911A8F2BC400617890 /* Products */,
			);
			sourceTree = "<group>";
		};
		FE63EC911A8F2BC400617890 /* Products */ = {
			isa = PBXGroup;
			children = (
				FE63EC901A8F2BC400617890 /* testGItHub.app */,
				FE63ECA91A8F2BC400617890 /* testGItHubTests.xctest */,
			);
			name = Products;
			sourceTree = "<group>";
		};
		FE63EC921A8F2BC400617890 /* testGItHub */ = {
			isa = PBXGroup;
			children = (
				FE63EC971A8F2BC400617890 /* AppDelegate.h */,
				FE63EC981A8F2BC400617890 /* AppDelegate.m */,
				FE63EC9A1A8F2BC400617890 /* ViewController.h */,
				FE63EC9B1A8F2BC400617890 /* ViewController.m */,
				FE63EC9D1A8F2BC400617890 /* Main.storyboard */,
				FE63ECA01A8F2BC400617890 /* Images.xcassets */,
				FE63ECA21A8F2BC400617890 /* LaunchScreen.xib */,
				FE63EC931A8F2BC400617890 /* Supporting Files */,
			);
			path = testGItHub;
			sourceTree = "<group>";
		};
		FE63EC931A8F2BC400617890 /* Supporting Files */ = {
			isa = PBXGroup;
			children = (
				FE63EC941A8F2BC400617890 /* Info.plist */,
				FE63EC951A8F2BC400617890 /* main.m */,
			);
			name = "Supporting Files";
			sourceTree = "<group>";
		};
		FE63ECAC1A8F2BC400617890 /* testGItHubTests */ = {
			isa = PBXGroup;
			children = (
				FE63ECAF1A8F2BC400617890 /* testGItHubTests.m */,
				FE63ECAD1A8F2BC400617890 /* Supporting Files */,
			);
			path = testGItHubTests;
			sourceTree = "<group>";
		};
		FE63ECAD1A8F2BC400617890 /* Supporting Files */ = {
			isa = PBXGroup;
			children = (
				FE63ECAE1A8F2BC400617890 /* Info.plist */,
			);
			name = "Supporting Files";
			sourceTree = "<group>";
		};
/* End PBXGroup section */

/* Begin PBXNativeTarget section */
		FE63EC8F1A8F2BC400617890 /* testGItHub */ = {
			isa = PBXNativeTarget;
			buildConfigurationList = FE63ECB31A8F2BC400617890 /* Build configuration list for PBXNativeTarget "testGItHub" */;
			buildPhases = (
				FE63EC8C1A8F2BC400617890 /* Sources */,
				FE63EC8D1A8F2BC400617890 /* Frameworks */,
				FE63EC8E1A8F2BC400617890 /* Resources */,
			);
			buildRules = (
			);
			dependencies = (
			);
			name = testGItHub;
			productName = testGItHub;
			productReference = FE63EC901A8F2BC400617890 /* testGItHub.app */;
			productType = "com.apple.product-type.application";
		};
		FE63ECA81A8F2BC400617890 /* testGItHubTests */ = {
			isa = PBXNativeTarget;
			buildConfigurationList = FE63ECB61A8F2BC400617890 /* Build configuration list for PBXNativeTarget "testGItHubTests" */;
			buildPhases = (
				FE63ECA51A8F2BC400617890 /* Sources */,
				FE63ECA61A8F2BC400617890 /* Frameworks */,
				FE63ECA71A8F2BC400617890 /* Resources */,
			);
			buildRules = (
			);
			dependencies = (
				FE63ECAB1A8F2BC400617890 /* PBXTargetDependency */,
			);
			name = testGItHubTests;
			productName = testGItHubTests;
			productReference = FE63ECA91A8F2BC400617890 /* testGItHubTests.xctest */;
			productType = "com.apple.product-type.bundle.unit-test";
		};
/* End PBXNativeTarget section */

/* Begin PBXProject section */
		FE63EC881A8F2BC400617890 /* Project object */ = {
			isa = PBXProject;
			attributes = {
				LastUpgradeCheck = 0610;
				ORGANIZATIONNAME = huge;
				TargetAttributes = {
					FE63EC8F1A8F2BC400617890 = {
						CreatedOnToolsVersion = 6.1;
					};
					FE63ECA81A8F2BC400617890 = {
						CreatedOnToolsVersion = 6.1;
						TestTargetID = FE63EC8F1A8F2BC400617890;
					};
				};
			};
			buildConfigurationList = FE63EC8B1A8F2BC400617890 /* Build configuration list for PBXProject "testGItHub" */;
			compatibilityVersion = "Xcode 3.2";
			developmentRegion = English;
			hasScannedForEncodings = 0;
			knownRegions = (
				en,
				Base,
			);
			mainGroup = FE63EC871A8F2BC400617890;
			productRefGroup = FE63EC911A8F2BC400617890 /* Products */;
			projectDirPath = "";
			projectRoot = "";
			targets = (
				FE63EC8F1A8F2BC400617890 /* testGItHub */,
				FE63ECA81A8F2BC400617890 /* testGItHubTests */,
			);
		};
/* End PBXProject section */

/* Begin PBXResourcesBuildPhase section */
		FE63EC8E1A8F2BC400617890 /* Resources */ = {
			isa = PBXResourcesBuildPhase;
			buildActionMask = 2147483647;
			files = (
				FE63EC9F1A8F2BC400617890 /* Main.storyboard in Resources */,
				FE63ECA41A8F2BC400617890 /* LaunchScreen.xib in Resources */,
				FE63ECA11A8F2BC400617890 /* Images.xcassets in Resources */,
			);
			runOnlyForDeploymentPostprocessing = 0;
		};
		FE63ECA71A8F2BC400617890 /* Resources */ = {
			isa = PBXResourcesBuildPhase;
			buildActionMask = 2147483647;
			files = (
			);
			runOnlyForDeploymentPostprocessing = 0;
		};
/* End PBXResourcesBuildPhase section */

/* Begin PBXSourcesBuildPhase section */
		FE63EC8C1A8F2BC400617890 /* Sources */ = {
			isa = PBXSourcesBuildPhase;
			buildActionMask = 2147483647;
			files = (
				FE63EC9C1A8F2BC400617890 /* ViewController.m in Sources */,
				FE63EC991A8F2BC400617890 /* AppDelegate.m in Sources */,
				FE63EC961A8F2BC400617890 /* main.m in Sources */,
			);
			runOnlyForDeploymentPostprocessing = 0;
		};
		FE63ECA51A8F2BC400617890 /* Sources */ = {
			isa = PBXSourcesBuildPhase;
			buildActionMask = 2147483647;
			files = (
				FE63ECB01A8F2BC400617890 /* testGItHubTests.m in Sources */,
			);
			runOnlyForDeploymentPostprocessing = 0;
		};
/* End PBXSourcesBuildPhase section */

/* Begin PBXTargetDependency section */
		FE63ECAB1A8F2BC400617890 /* PBXTargetDependency */ = {
			isa = PBXTargetDependency;
			target = FE63EC8F1A8F2BC400617890 /* testGItHub */;
			targetProxy = FE63ECAA1A8F2BC400617890 /* PBXContainerItemProxy */;
		};
/* End PBXTargetDependency section */

/* Begin PBXVariantGroup section */
		FE63EC9D1A8F2BC400617890 /* Main.storyboard */ = {
			isa = PBXVariantGroup;
			children = (
				FE63EC9E1A8F2BC400617890 /* Base */,
			);
			name = Main.storyboard;
			sourceTree = "<group>";
		};
		FE63ECA21A8F2BC400617890 /* LaunchScreen.xib */ = {
			isa = PBXVariantGroup;
			children = (
				FE63ECA31A8F2BC400617890 /* Base */,
			);
			name = LaunchScreen.xib;
			sourceTree = "<group>";
		};
/* End PBXVariantGroup section */

/* Begin XCBuildConfiguration section */
		FE63ECB11A8F2BC400617890 /* Debug */ = {
			isa = XCBuildConfiguration;
			buildSettings = {
				ALWAYS_SEARCH_USER_PATHS = NO;
				CLANG_CXX_LANGUAGE_STANDARD = "gnu++0x";
				CLANG_CXX_LIBRARY = "libc++";
				CLANG_ENABLE_MODULES = YES;
				CLANG_ENABLE_OBJC_ARC = YES;
				CLANG_WARN_BOOL_CONVERSION = YES;
				CLANG_WARN_CONSTANT_CONVERSION = YES;
				CLANG_WARN_DIRECT_OBJC_ISA_USAGE = YES_ERROR;
				CLANG_WARN_EMPTY_BODY = YES;
				CLANG_WARN_ENUM_CONVERSION = YES;
				CLANG_WARN_INT_CONVERSION = YES;
				CLANG_WARN_OBJC_ROOT_CLASS = YES_ERROR;
				CLANG_WARN_UNREACHABLE_CODE = YES;
				CLANG_WARN__DUPLICATE_METHOD_MATCH = YES;
				"CODE_SIGN_IDENTITY[sdk=iphoneos*]" = "iPhone Developer";
				COPY_PHASE_STRIP = NO;
				ENABLE_STRICT_OBJC_MSGSEND = YES;
				GCC_C_LANGUAGE_STANDARD = gnu99;
				GCC_DYNAMIC_NO_PIC = NO;
				GCC_OPTIMIZATION_LEVEL = 0;
				GCC_PREPROCESSOR_DEFINITIONS = (
					"DEBUG=1",
					"$(inherited)",
				);
				GCC_SYMBOLS_PRIVATE_EXTERN = NO;
				GCC_WARN_64_TO_32_BIT_CONVERSION = YES;
				GCC_WARN_ABOUT_RETURN_TYPE = YES_ERROR;
				GCC_WARN_UNDECLARED_SELECTOR = YES;
				GCC_WARN_UNINITIALIZED_AUTOS = YES_AGGRESSIVE;
				GCC_WARN_UNUSED_FUNCTION = YES;
				GCC_WARN_UNUSED_VARIABLE = YES;
				IPHONEOS_DEPLOYMENT_TARGET = 8.1;
				MTL_ENABLE_DEBUG_INFO = YES;
				ONLY_ACTIVE_ARCH = YES;
				SDKROOT = iphoneos;
				TARGETED_DEVICE_FAMILY = "1,2";
			};
			name = Debug;
		};
		FE63ECB21A8F2BC400617890 /* Release */ = {
			isa = XCBuildConfiguration;
			buildSettings = {
				ALWAYS_SEARCH_USER_PATHS = NO;
				CLANG_CXX_LANGUAGE_STANDARD = "gnu++0x";
				CLANG_CXX_LIBRARY = "libc++";
				CLANG_ENABLE_MODULES = YES;
				CLANG_ENABLE_OBJC_ARC = YES;
				CLANG_WARN_BOOL_CONVERSION = YES;
				CLANG_WARN_CONSTANT_CONVERSION = YES;
				CLANG_WARN_DIRECT_OBJC_ISA_USAGE = YES_ERROR;
				CLANG_WARN_EMPTY_BODY = YES;
				CLANG_WARN_ENUM_CONVERSION = YES;
				CLANG_WARN_INT_CONVERSION = YES;
				CLANG_WARN_OBJC_ROOT_CLASS = YES_ERROR;
				CLANG_WARN_UNREACHABLE_CODE = YES;
				CLANG_WARN__DUPLICATE_METHOD_MATCH = YES;
				"CODE_SIGN_IDENTITY[sdk=iphoneos*]" = "iPhone Developer";
				COPY_PHASE_STRIP = YES;
				ENABLE_NS_ASSERTIONS = NO;
				ENABLE_STRICT_OBJC_MSGSEND = YES;
				GCC_C_LANGUAGE_STANDARD = gnu99;
				GCC_WARN_64_TO_32_BIT_CONVERSION = YES;
				GCC_WARN_ABOUT_RETURN_TYPE = YES_ERROR;
				GCC_WARN_UNDECLARED_SELECTOR = YES;
				GCC_WARN_UNINITIALIZED_AUTOS = YES_AGGRESSIVE;
				GCC_WARN_UNUSED_FUNCTION = YES;
				GCC_WARN_UNUSED_VARIABLE = YES;
				IPHONEOS_DEPLOYMENT_TARGET = 8.1;
				MTL_ENABLE_DEBUG_INFO = NO;
				SDKROOT = iphoneos;
				TARGETED_DEVICE_FAMILY = "1,2";
				VALIDATE_PRODUCT = YES;
			};
			name = Release;
		};
		FE63ECB41A8F2BC400617890 /* Debug */ = {
			isa = XCBuildConfiguration;
			buildSettings = {
				ASSETCATALOG_COMPILER_APPICON_NAME = AppIcon;
				INFOPLIST_FILE = testGItHub/Info.plist;
				LD_RUNPATH_SEARCH_PATHS = "$(inherited) @executable_path/Frameworks";
				PRODUCT_NAME = "$(TARGET_NAME)";
			};
			name = Debug;
		};
		FE63ECB51A8F2BC400617890 /* Release */ = {
			isa = XCBuildConfiguration;
			buildSettings = {
				ASSETCATALOG_COMPILER_APPICON_NAME = AppIcon;
				INFOPLIST_FILE = testGItHub/Info.plist;
				LD_RUNPATH_SEARCH_PATHS = "$(inherited) @executable_path/Frameworks";
				PRODUCT_NAME = "$(TARGET_NAME)";
			};
			name = Release;
		};
		FE63ECB71A8F2BC400617890 /* Debug */ = {
			isa = XCBuildConfiguration;
			buildSettings = {
				BUNDLE_LOADER = "$(TEST_HOST)";
				FRAMEWORK_SEARCH_PATHS = (
					"$(SDKROOT)/Developer/Library/Frameworks",
					"$(inherited)",
				);
				GCC_PREPROCESSOR_DEFINITIONS = (
					"DEBUG=1",
					"$(inherited)",
				);
				INFOPLIST_FILE = testGItHubTests/Info.plist;
				LD_RUNPATH_SEARCH_PATHS = "$(inherited) @executable_path/Frameworks @loader_path/Frameworks";
				PRODUCT_NAME = "$(TARGET_NAME)";
				TEST_HOST = "$(BUILT_PRODUCTS_DIR)/testGItHub.app/testGItHub";
			};
			name = Debug;
		};
		FE63ECB81A8F2BC400617890 /* Release */ = {
			isa = XCBuildConfiguration;
			buildSettings = {
				BUNDLE_LOADER = "$(TEST_HOST)";
				FRAMEWORK_SEARCH_PATHS = (
					"$(SDKROOT)/Developer/Library/Frameworks",
					"$(inherited)",
				);
				INFOPLIST_FILE = testGItHubTests/Info.plist;
				LD_RUNPATH_SEARCH_PATHS = "$(inherited) @executable_path/Frameworks @loader_path/Frameworks";
				PRODUCT_NAME = "$(TARGET_NAME)";
				TEST_HOST = "$(BUILT_PRODUCTS_DIR)/testGItHub.app/testGItHub";
			};
			name = Release;
		};
/* End XCBuildConfiguration section */

/* Begin XCConfigurationList section */
		FE63EC8B1A8F2BC400617890 /* Build configuration list for PBXProject "testGItHub" */ = {
			isa = XCConfigurationList;
			buildConfigurations = (
				FE63ECB11A8F2BC400617890 /* Debug */,
				FE63ECB21A8F2BC400617890 /* Release */,
			);
			defaultConfigurationIsVisible = 0;
			defaultConfigurationName = Release;
		};
		FE63ECB31A8F2BC400617890 /* Build configuration list for PBXNativeTarget "testGItHub" */ = {
			isa = XCConfigurationList;
			buildConfigurations = (
				FE63ECB41A8F2BC400617890 /* Debug */,
				FE63ECB51A8F2BC400617890 /* Release */,
			);
			defaultConfigurationIsVisible = 0;
		};
		FE63ECB61A8F2BC400617890 /* Build configuration list for PBXNativeTarget "testGItHubTests" */ = {
			isa = XCConfigurationList;
			buildConfigurations = (
				FE63ECB71A8F2BC400617890 /* Debug */,
				FE63ECB81A8F2BC400617890 /* Release */,
			);
			defaultConfigurationIsVisible = 0;
		};
/* End XCConfigurationList section */
	};
	rootObject = FE63EC881A8F2BC400617890 /* Project object */;
}
